
Microsoft Visual Studio Solution File, Format Version 12.00
# Visual Studio Version 17
VisualStudioVersion = 17.4.33205.214
MinimumVisualStudioVersion = 10.0.40219.1
Project("{9A19103F-16F7-4668-BE54-9A1E7A4F7556}") = "car_dealership", "car_dealership\car_dealership.csproj", "{BCA40F64-81D2-469E-A16D-11C2B77740A4}"
EndProject
Project("{FAE04EC0-301F-11D3-BF4B-00C04F79EFBC}") = "dal", "dal\dal.csproj", "{4BAD03ED-B210-46FA-ACCA-F37C867BDE2A}"
EndProject
Global
	GlobalSection(SolutionConfigurationPlatforms) = preSolution
		Debug|Any CPU = Debug|Any CPU
		Release|Any CPU = Release|Any CPU
	EndGlobalSection
	GlobalSection(ProjectConfigurationPlatforms) = postSolution
		{BCA40F64-81D2-469E-A16D-11C2B77740A4}.Debug|Any CPU.ActiveCfg = Debug|Any CPU
		{BCA40F64-81D2-469E-A16D-11C2B77740A4}.Debug|Any CPU.Build.0 = Debug|Any CPU
		{BCA40F64-81D2-469E-A16D-11C2B77740A4}.Release|Any CPU.ActiveCfg = Release|Any CPU
		{BCA40F64-81D2-469E-A16D-11C2B77740A4}.Release|Any CPU.Build.0 = Release|Any CPU
		{4BAD03ED-B210-46FA-ACCA-F37C867BDE2A}.Debug|Any CPU.ActiveCfg = Debug|Any CPU
		{4BAD03ED-B210-46FA-ACCA-F37C867BDE2A}.Debug|Any CPU.Build.0 = Debug|Any CPU
		{4BAD03ED-B210-46FA-ACCA-F37C867BDE2A}.Release|Any CPU.ActiveCfg = Release|Any CPU
		{4BAD03ED-B210-46FA-ACCA-F37C867BDE2A}.Release|Any CPU.Build.0 = Release|Any CPU
	EndGlobalSection
	GlobalSection(SolutionProperties) = preSolution
		HideSolutionNode = FALSE
	EndGlobalSection
	GlobalSection(ExtensibilityGlobals) = postSolution
		SolutionGuid = {94D0CB91-C52F-4AF5-A1C8-CC1861960C48}
	EndGlobalSection
EndGlobal
